{
  "name": "dotfield-package-consumer",
  "version": "1.0.0",
  "lockfileVersion": 3,
  "requires": true,
  "packages": {
    "": {
      "name": "dotfield-package-consumer",
      "version": "1.0.0",
      "dependencies": {
        "dotfield": "file:../.."
      }
    },
    "../..": {
      "name": "dotfield",
      "version": "1.1.2",
      "license": "MIT"
    },
    "node_modules/dotfield": {
      "resolved": "../..",
      "link": true
    }
  }
}
